{
  "name": "aws",
  "version": "1.0.0",
  "lockfileVersion": 1,
  "requires": true,
  "dependencies": {
    "dotenv": {
      "version": "16.3.0",
      "resolved": "https://registry.npmjs.org/dotenv/-/dotenv-16.3.0.tgz",
      "integrity": "sha512-tHB+hmf8MRCkT3VVivGiG8kq9HiGTmQ3FzOKgztfpJQH1IWuZTOvKSJmHNnQPowecAmkCJhLrxdPhOr06LLqIQ=="
    }
  }
}
